// !$*UTF8*$!
{
	archiveVersion = 1;
	classes = {
	};
	objectVersion = 56;
	objects = {

/* Begin PBXBuildFile section */
		2B13B7B82C1EBFA600B09EED /* LocationInterface.swift in Sources */ = {isa = PBXBuildFile; fileRef = 2B13B7B72C1EBFA600B09EED /* LocationInterface.swift */; };
		2B13B7BA2C1EC01D00B09EED /* WeatherInterface.swift in Sources */ = {isa = PBXBuildFile; fileRef = 2B13B7B92C1EC01D00B09EED /* WeatherInterface.swift */; };
		2B13B7BF2C1EC78100B09EED /* Date+Extensions.swift in Sources */ = {isa = PBXBuildFile; fileRef = 2B13B7BE2C1EC78100B09EED /* Date+Extensions.swift */; };
		2B13B7C12C1EC7B200B09EED /* WeatherModel.swift in Sources */ = {isa = PBXBuildFile; fileRef = 2B13B7C02C1EC7B200B09EED /* WeatherModel.swift */; };
		2B13B7C32C1EC7C200B09EED /* PlanModel.swift in Sources */ = {isa = PBXBuildFile; fileRef = 2B13B7C22C1EC7C200B09EED /* PlanModel.swift */; };
		2B709DFF2C20570A002AAC89 /* MainView.swift in Sources */ = {isa = PBXBuildFile; fileRef = 2B709DFE2C20570A002AAC89 /* MainView.swift */; };
		2B709E022C2090ED002AAC89 /* OffsetKey.swift in Sources */ = {isa = PBXBuildFile; fileRef = 2B709E012C2090ED002AAC89 /* OffsetKey.swift */; };
		2B99746A2C1C2873009A45B6 /* WeatherUseCase.swift in Sources */ = {isa = PBXBuildFile; fileRef = 2B9974692C1C2873009A45B6 /* WeatherUseCase.swift */; };
		2B99746C2C1C288A009A45B6 /* PlanUseCase.swift in Sources */ = {isa = PBXBuildFile; fileRef = 2B99746B2C1C288A009A45B6 /* PlanUseCase.swift */; };
		2B9974712C1C2AA7009A45B6 /* SwiftDataManager.swift in Sources */ = {isa = PBXBuildFile; fileRef = 2B9974702C1C2AA7009A45B6 /* SwiftDataManager.swift */; };
		2B9974732C1C2F0C009A45B6 /* WeatherManager.swift in Sources */ = {isa = PBXBuildFile; fileRef = 2B9974722C1C2F0C009A45B6 /* WeatherManager.swift */; };
		2B9974752C1C2F13009A45B6 /* LocationManager.swift in Sources */ = {isa = PBXBuildFile; fileRef = 2B9974742C1C2F13009A45B6 /* LocationManager.swift */; };
		2BEBA37A2C1C1EC500771622 /* WeatherPlanApp.swift in Sources */ = {isa = PBXBuildFile; fileRef = 2BEBA3792C1C1EC500771622 /* WeatherPlanApp.swift */; };
		2BEBA37C2C1C1EC500771622 /* ContentView.swift in Sources */ = {isa = PBXBuildFile; fileRef = 2BEBA37B2C1C1EC500771622 /* ContentView.swift */; };
		2BEBA3802C1C1EC600771622 /* Assets.xcassets in Resources */ = {isa = PBXBuildFile; fileRef = 2BEBA37F2C1C1EC600771622 /* Assets.xcassets */; };
		2BEBA3832C1C1EC600771622 /* Preview Assets.xcassets in Resources */ = {isa = PBXBuildFile; fileRef = 2BEBA3822C1C1EC600771622 /* Preview Assets.xcassets */; };
		2BEBA38D2C1C1EC600771622 /* WeatherPlanTests.swift in Sources */ = {isa = PBXBuildFile; fileRef = 2BEBA38C2C1C1EC600771622 /* WeatherPlanTests.swift */; };
		2BEBA3972C1C1EC600771622 /* WeatherPlanUITests.swift in Sources */ = {isa = PBXBuildFile; fileRef = 2BEBA3962C1C1EC600771622 /* WeatherPlanUITests.swift */; };
		2BEBA3992C1C1EC600771622 /* WeatherPlanUITestsLaunchTests.swift in Sources */ = {isa = PBXBuildFile; fileRef = 2BEBA3982C1C1EC600771622 /* WeatherPlanUITestsLaunchTests.swift */; };
/* End PBXBuildFile section */

/* Begin PBXContainerItemProxy section */
		2BEBA3892C1C1EC600771622 /* PBXContainerItemProxy */ = {
			isa = PBXContainerItemProxy;
			containerPortal = 2BEBA36E2C1C1EC500771622 /* Project object */;
			proxyType = 1;
			remoteGlobalIDString = 2BEBA3752C1C1EC500771622;
			remoteInfo = WeatherPlan;
		};
		2BEBA3932C1C1EC600771622 /* PBXContainerItemProxy */ = {
			isa = PBXContainerItemProxy;
			containerPortal = 2BEBA36E2C1C1EC500771622 /* Project object */;
			proxyType = 1;
			remoteGlobalIDString = 2BEBA3752C1C1EC500771622;
			remoteInfo = WeatherPlan;
		};
/* End PBXContainerItemProxy section */

/* Begin PBXFileReference section */
		2B13B7B72C1EBFA600B09EED /* LocationInterface.swift */ = {isa = PBXFileReference; lastKnownFileType = sourcecode.swift; path = LocationInterface.swift; sourceTree = "<group>"; };
		2B13B7B92C1EC01D00B09EED /* WeatherInterface.swift */ = {isa = PBXFileReference; lastKnownFileType = sourcecode.swift; path = WeatherInterface.swift; sourceTree = "<group>"; };
		2B13B7BE2C1EC78100B09EED /* Date+Extensions.swift */ = {isa = PBXFileReference; lastKnownFileType = sourcecode.swift; path = "Date+Extensions.swift"; sourceTree = "<group>"; };
		2B13B7C02C1EC7B200B09EED /* WeatherModel.swift */ = {isa = PBXFileReference; lastKnownFileType = sourcecode.swift; path = WeatherModel.swift; sourceTree = "<group>"; };
		2B13B7C22C1EC7C200B09EED /* PlanModel.swift */ = {isa = PBXFileReference; lastKnownFileType = sourcecode.swift; path = PlanModel.swift; sourceTree = "<group>"; };
		2B13B7C42C1ECA8100B09EED /* WeatherPlan.entitlements */ = {isa = PBXFileReference; lastKnownFileType = text.plist.entitlements; path = WeatherPlan.entitlements; sourceTree = "<group>"; };
		2B709DFE2C20570A002AAC89 /* MainView.swift */ = {isa = PBXFileReference; lastKnownFileType = sourcecode.swift; path = MainView.swift; sourceTree = "<group>"; };
		2B709E012C2090ED002AAC89 /* OffsetKey.swift */ = {isa = PBXFileReference; lastKnownFileType = sourcecode.swift; path = OffsetKey.swift; sourceTree = "<group>"; };
		2B9974692C1C2873009A45B6 /* WeatherUseCase.swift */ = {isa = PBXFileReference; lastKnownFileType = sourcecode.swift; path = WeatherUseCase.swift; sourceTree = "<group>"; };
		2B99746B2C1C288A009A45B6 /* PlanUseCase.swift */ = {isa = PBXFileReference; lastKnownFileType = sourcecode.swift; path = PlanUseCase.swift; sourceTree = "<group>"; };
		2B9974702C1C2AA7009A45B6 /* SwiftDataManager.swift */ = {isa = PBXFileReference; lastKnownFileType = sourcecode.swift; path = SwiftDataManager.swift; sourceTree = "<group>"; };
		2B9974722C1C2F0C009A45B6 /* WeatherManager.swift */ = {isa = PBXFileReference; lastKnownFileType = sourcecode.swift; path = WeatherManager.swift; sourceTree = "<group>"; };
		2B9974742C1C2F13009A45B6 /* LocationManager.swift */ = {isa = PBXFileReference; lastKnownFileType = sourcecode.swift; path = LocationManager.swift; sourceTree = "<group>"; };
		2BEBA3762C1C1EC500771622 /* WeatherPlan.app */ = {isa = PBXFileReference; explicitFileType = wrapper.application; includeInIndex = 0; path = WeatherPlan.app; sourceTree = BUILT_PRODUCTS_DIR; };
		2BEBA3792C1C1EC500771622 /* WeatherPlanApp.swift */ = {isa = PBXFileReference; lastKnownFileType = sourcecode.swift; path = WeatherPlanApp.swift; sourceTree = "<group>"; };
		2BEBA37B2C1C1EC500771622 /* ContentView.swift */ = {isa = PBXFileReference; lastKnownFileType = sourcecode.swift; path = ContentView.swift; sourceTree = "<group>"; };
		2BEBA37F2C1C1EC600771622 /* Assets.xcassets */ = {isa = PBXFileReference; lastKnownFileType = folder.assetcatalog; path = Assets.xcassets; sourceTree = "<group>"; };
		2BEBA3822C1C1EC600771622 /* Preview Assets.xcassets */ = {isa = PBXFileReference; lastKnownFileType = folder.assetcatalog; path = "Preview Assets.xcassets"; sourceTree = "<group>"; };
		2BEBA3882C1C1EC600771622 /* WeatherPlanTests.xctest */ = {isa = PBXFileReference; explicitFileType = wrapper.cfbundle; includeInIndex = 0; path = WeatherPlanTests.xctest; sourceTree = BUILT_PRODUCTS_DIR; };
		2BEBA38C2C1C1EC600771622 /* WeatherPlanTests.swift */ = {isa = PBXFileReference; lastKnownFileType = sourcecode.swift; path = WeatherPlanTests.swift; sourceTree = "<group>"; };
		2BEBA3922C1C1EC600771622 /* WeatherPlanUITests.xctest */ = {isa = PBXFileReference; explicitFileType = wrapper.cfbundle; includeInIndex = 0; path = WeatherPlanUITests.xctest; sourceTree = BUILT_PRODUCTS_DIR; };
		2BEBA3962C1C1EC600771622 /* WeatherPlanUITests.swift */ = {isa = PBXFileReference; lastKnownFileType = sourcecode.swift; path = WeatherPlanUITests.swift; sourceTree = "<group>"; };
		2BEBA3982C1C1EC600771622 /* WeatherPlanUITestsLaunchTests.swift */ = {isa = PBXFileReference; lastKnownFileType = sourcecode.swift; path = WeatherPlanUITestsLaunchTests.swift; sourceTree = "<group>"; };
/* End PBXFileReference section */

/* Begin PBXFrameworksBuildPhase section */
		2BEBA3732C1C1EC500771622 /* Frameworks */ = {
			isa = PBXFrameworksBuildPhase;
			buildActionMask = 2147483647;
			files = (
			);
			runOnlyForDeploymentPostprocessing = 0;
		};
		2BEBA3852C1C1EC600771622 /* Frameworks */ = {
			isa = PBXFrameworksBuildPhase;
			buildActionMask = 2147483647;
			files = (
			);
			runOnlyForDeploymentPostprocessing = 0;
		};
		2BEBA38F2C1C1EC600771622 /* Frameworks */ = {
			isa = PBXFrameworksBuildPhase;
			buildActionMask = 2147483647;
			files = (
			);
			runOnlyForDeploymentPostprocessing = 0;
		};
/* End PBXFrameworksBuildPhase section */

/* Begin PBXGroup section */
		2B13B7B62C1EBF4600B09EED /* interface */ = {
			isa = PBXGroup;
			children = (
				2B13B7B72C1EBFA600B09EED /* LocationInterface.swift */,
				2B13B7B92C1EC01D00B09EED /* WeatherInterface.swift */,
			);
			path = interface;
			sourceTree = "<group>";
		};
		2B13B7BB2C1EC6B500B09EED /* Entity */ = {
			isa = PBXGroup;
			children = (
				2B13B7C02C1EC7B200B09EED /* WeatherModel.swift */,
				2B13B7C22C1EC7C200B09EED /* PlanModel.swift */,
			);
			path = Entity;
			sourceTree = "<group>";
		};
		2B13B7BC2C1EC6BB00B09EED /* UseCase */ = {
			isa = PBXGroup;
			children = (
				2B13B7B62C1EBF4600B09EED /* interface */,
				2B9974692C1C2873009A45B6 /* WeatherUseCase.swift */,
				2B99746B2C1C288A009A45B6 /* PlanUseCase.swift */,
			);
			path = UseCase;
			sourceTree = "<group>";
		};
		2B13B7BD2C1EC76D00B09EED /* Utility */ = {
			isa = PBXGroup;
			children = (
				2B13B7BE2C1EC78100B09EED /* Date+Extensions.swift */,
			);
			path = Utility;
			sourceTree = "<group>";
		};
		2B709DFD2C2056F9002AAC89 /* Main */ = {
			isa = PBXGroup;
			children = (
				2B709DFE2C20570A002AAC89 /* MainView.swift */,
			);
			path = Main;
			sourceTree = "<group>";
		};
		2B709E002C205809002AAC89 /* Components */ = {
			isa = PBXGroup;
			children = (
				2B709E012C2090ED002AAC89 /* OffsetKey.swift */,
			);
			path = Components;
			sourceTree = "<group>";
		};
		2B9974652C1C2821009A45B6 /* System */ = {
			isa = PBXGroup;
			children = (
				2BEBA3792C1C1EC500771622 /* WeatherPlanApp.swift */,
			);
			path = System;
			sourceTree = "<group>";
		};
		2B9974672C1C284D009A45B6 /* UI */ = {
			isa = PBXGroup;
			children = (
				2BEBA37B2C1C1EC500771622 /* ContentView.swift */,
				2B709DFD2C2056F9002AAC89 /* Main */,
				2B709E002C205809002AAC89 /* Components */,
			);
			path = UI;
			sourceTree = "<group>";
		};
		2B9974682C1C2857009A45B6 /* Domain */ = {
			isa = PBXGroup;
			children = (
				2B13B7BB2C1EC6B500B09EED /* Entity */,
				2B13B7BC2C1EC6BB00B09EED /* UseCase */,
			);
			path = Domain;
			sourceTree = "<group>";
		};
		2B99746D2C1C2A56009A45B6 /* Data */ = {
			isa = PBXGroup;
			children = (
				2B9974702C1C2AA7009A45B6 /* SwiftDataManager.swift */,
				2B9974722C1C2F0C009A45B6 /* WeatherManager.swift */,
				2B9974742C1C2F13009A45B6 /* LocationManager.swift */,
			);
			path = Data;
			sourceTree = "<group>";
		};
		2BEBA36D2C1C1EC500771622 = {
			isa = PBXGroup;
			children = (
				2BEBA3782C1C1EC500771622 /* WeatherPlan */,
				2BEBA38B2C1C1EC600771622 /* WeatherPlanTests */,
				2BEBA3952C1C1EC600771622 /* WeatherPlanUITests */,
				2BEBA3772C1C1EC500771622 /* Products */,
			);
			sourceTree = "<group>";
		};
		2BEBA3772C1C1EC500771622 /* Products */ = {
			isa = PBXGroup;
			children = (
				2BEBA3762C1C1EC500771622 /* WeatherPlan.app */,
				2BEBA3882C1C1EC600771622 /* WeatherPlanTests.xctest */,
				2BEBA3922C1C1EC600771622 /* WeatherPlanUITests.xctest */,
			);
			name = Products;
			sourceTree = "<group>";
		};
		2BEBA3782C1C1EC500771622 /* WeatherPlan */ = {
			isa = PBXGroup;
			children = (
				2B13B7C42C1ECA8100B09EED /* WeatherPlan.entitlements */,
				2B9974652C1C2821009A45B6 /* System */,
				2B13B7BD2C1EC76D00B09EED /* Utility */,
				2B99746D2C1C2A56009A45B6 /* Data */,
				2B9974682C1C2857009A45B6 /* Domain */,
				2B9974672C1C284D009A45B6 /* UI */,
				2BEBA37F2C1C1EC600771622 /* Assets.xcassets */,
				2BEBA3812C1C1EC600771622 /* Preview Content */,
			);
			path = WeatherPlan;
			sourceTree = "<group>";
		};
		2BEBA3812C1C1EC600771622 /* Preview Content */ = {
			isa = PBXGroup;
			children = (
				2BEBA3822C1C1EC600771622 /* Preview Assets.xcassets */,
			);
			path = "Preview Content";
			sourceTree = "<group>";
		};
		2BEBA38B2C1C1EC600771622 /* WeatherPlanTests */ = {
			isa = PBXGroup;
			children = (
				2BEBA38C2C1C1EC600771622 /* WeatherPlanTests.swift */,
			);
			path = WeatherPlanTests;
			sourceTree = "<group>";
		};
		2BEBA3952C1C1EC600771622 /* WeatherPlanUITests */ = {
			isa = PBXGroup;
			children = (
				2BEBA3962C1C1EC600771622 /* WeatherPlanUITests.swift */,
				2BEBA3982C1C1EC600771622 /* WeatherPlanUITestsLaunchTests.swift */,
			);
			path = WeatherPlanUITests;
			sourceTree = "<group>";
		};
/* End PBXGroup section */

/* Begin PBXNativeTarget section */
		2BEBA3752C1C1EC500771622 /* WeatherPlan */ = {
			isa = PBXNativeTarget;
			buildConfigurationList = 2BEBA39C2C1C1EC600771622 /* Build configuration list for PBXNativeTarget "WeatherPlan" */;
			buildPhases = (
				2BEBA3722C1C1EC500771622 /* Sources */,
				2BEBA3732C1C1EC500771622 /* Frameworks */,
				2BEBA3742C1C1EC500771622 /* Resources */,
			);
			buildRules = (
			);
			dependencies = (
			);
			name = WeatherPlan;
			productName = WeatherPlan;
			productReference = 2BEBA3762C1C1EC500771622 /* WeatherPlan.app */;
			productType = "com.apple.product-type.application";
		};
		2BEBA3872C1C1EC600771622 /* WeatherPlanTests */ = {
			isa = PBXNativeTarget;
			buildConfigurationList = 2BEBA39F2C1C1EC600771622 /* Build configuration list for PBXNativeTarget "WeatherPlanTests" */;
			buildPhases = (
				2BEBA3842C1C1EC600771622 /* Sources */,
				2BEBA3852C1C1EC600771622 /* Frameworks */,
				2BEBA3862C1C1EC600771622 /* Resources */,
			);
			buildRules = (
			);
			dependencies = (
				2BEBA38A2C1C1EC600771622 /* PBXTargetDependency */,
			);
			name = WeatherPlanTests;
			productName = WeatherPlanTests;
			productReference = 2BEBA3882C1C1EC600771622 /* WeatherPlanTests.xctest */;
			productType = "com.apple.product-type.bundle.unit-test";
		};
		2BEBA3912C1C1EC600771622 /* WeatherPlanUITests */ = {
			isa = PBXNativeTarget;
			buildConfigurationList = 2BEBA3A22C1C1EC600771622 /* Build configuration list for PBXNativeTarget "WeatherPlanUITests" */;
			buildPhases = (
				2BEBA38E2C1C1EC600771622 /* Sources */,
				2BEBA38F2C1C1EC600771622 /* Frameworks */,
				2BEBA3902C1C1EC600771622 /* Resources */,
			);
			buildRules = (
			);
			dependencies = (
				2BEBA3942C1C1EC600771622 /* PBXTargetDependency */,
			);
			name = WeatherPlanUITests;
			productName = WeatherPlanUITests;
			productReference = 2BEBA3922C1C1EC600771622 /* WeatherPlanUITests.xctest */;
			productType = "com.apple.product-type.bundle.ui-testing";
		};
/* End PBXNativeTarget section */

/* Begin PBXProject section */
		2BEBA36E2C1C1EC500771622 /* Project object */ = {
			isa = PBXProject;
			attributes = {
				BuildIndependentTargetsInParallel = 1;
				LastSwiftUpdateCheck = 1540;
				LastUpgradeCheck = 1540;
				TargetAttributes = {
					2BEBA3752C1C1EC500771622 = {
						CreatedOnToolsVersion = 15.4;
					};
					2BEBA3872C1C1EC600771622 = {
						CreatedOnToolsVersion = 15.4;
						TestTargetID = 2BEBA3752C1C1EC500771622;
					};
					2BEBA3912C1C1EC600771622 = {
						CreatedOnToolsVersion = 15.4;
						TestTargetID = 2BEBA3752C1C1EC500771622;
					};
				};
			};
			buildConfigurationList = 2BEBA3712C1C1EC500771622 /* Build configuration list for PBXProject "WeatherPlan" */;
			compatibilityVersion = "Xcode 14.0";
			developmentRegion = ko;
			hasScannedForEncodings = 0;
			knownRegions = (
				en,
				Base,
				ko,
			);
			mainGroup = 2BEBA36D2C1C1EC500771622;
			productRefGroup = 2BEBA3772C1C1EC500771622 /* Products */;
			projectDirPath = "";
			projectRoot = "";
			targets = (
				2BEBA3752C1C1EC500771622 /* WeatherPlan */,
				2BEBA3872C1C1EC600771622 /* WeatherPlanTests */,
				2BEBA3912C1C1EC600771622 /* WeatherPlanUITests */,
			);
		};
/* End PBXProject section */

/* Begin PBXResourcesBuildPhase section */
		2BEBA3742C1C1EC500771622 /* Resources */ = {
			isa = PBXResourcesBuildPhase;
			buildActionMask = 2147483647;
			files = (
				2BEBA3832C1C1EC600771622 /* Preview Assets.xcassets in Resources */,
				2BEBA3802C1C1EC600771622 /* Assets.xcassets in Resources */,
			);
			runOnlyForDeploymentPostprocessing = 0;
		};
		2BEBA3862C1C1EC600771622 /* Resources */ = {
			isa = PBXResourcesBuildPhase;
			buildActionMask = 2147483647;
			files = (
			);
			runOnlyForDeploymentPostprocessing = 0;
		};
		2BEBA3902C1C1EC600771622 /* Resources */ = {
			isa = PBXResourcesBuildPhase;
			buildActionMask = 2147483647;
			files = (
			);
			runOnlyForDeploymentPostprocessing = 0;
		};
/* End PBXResourcesBuildPhase section */

/* Begin PBXSourcesBuildPhase section */
		2BEBA3722C1C1EC500771622 /* Sources */ = {
			isa = PBXSourcesBuildPhase;
			buildActionMask = 2147483647;
			files = (
				2B9974732C1C2F0C009A45B6 /* WeatherManager.swift in Sources */,
				2B709DFF2C20570A002AAC89 /* MainView.swift in Sources */,
				2B99746C2C1C288A009A45B6 /* PlanUseCase.swift in Sources */,
				2B13B7C32C1EC7C200B09EED /* PlanModel.swift in Sources */,
				2B13B7BA2C1EC01D00B09EED /* WeatherInterface.swift in Sources */,
				2B13B7BF2C1EC78100B09EED /* Date+Extensions.swift in Sources */,
				2B9974712C1C2AA7009A45B6 /* SwiftDataManager.swift in Sources */,
				2B9974752C1C2F13009A45B6 /* LocationManager.swift in Sources */,
				2B13B7B82C1EBFA600B09EED /* LocationInterface.swift in Sources */,
				2BEBA37C2C1C1EC500771622 /* ContentView.swift in Sources */,
				2B709E022C2090ED002AAC89 /* OffsetKey.swift in Sources */,
				2BEBA37A2C1C1EC500771622 /* WeatherPlanApp.swift in Sources */,
				2B99746A2C1C2873009A45B6 /* WeatherUseCase.swift in Sources */,
				2B13B7C12C1EC7B200B09EED /* WeatherModel.swift in Sources */,
			);
			runOnlyForDeploymentPostprocessing = 0;
		};
		2BEBA3842C1C1EC600771622 /* Sources */ = {
			isa = PBXSourcesBuildPhase;
			buildActionMask = 2147483647;
			files = (
				2BEBA38D2C1C1EC600771622 /* WeatherPlanTests.swift in Sources */,
			);
			runOnlyForDeploymentPostprocessing = 0;
		};
		2BEBA38E2C1C1EC600771622 /* Sources */ = {
			isa = PBXSourcesBuildPhase;
			buildActionMask = 2147483647;
			files = (
				2BEBA3992C1C1EC600771622 /* WeatherPlanUITestsLaunchTests.swift in Sources */,
				2BEBA3972C1C1EC600771622 /* WeatherPlanUITests.swift in Sources */,
			);
			runOnlyForDeploymentPostprocessing = 0;
		};
/* End PBXSourcesBuildPhase section */

/* Begin PBXTargetDependency section */
		2BEBA38A2C1C1EC600771622 /* PBXTargetDependency */ = {
			isa = PBXTargetDependency;
			target = 2BEBA3752C1C1EC500771622 /* WeatherPlan */;
			targetProxy = 2BEBA3892C1C1EC600771622 /* PBXContainerItemProxy */;
		};
		2BEBA3942C1C1EC600771622 /* PBXTargetDependency */ = {
			isa = PBXTargetDependency;
			target = 2BEBA3752C1C1EC500771622 /* WeatherPlan */;
			targetProxy = 2BEBA3932C1C1EC600771622 /* PBXContainerItemProxy */;
		};
/* End PBXTargetDependency section */

/* Begin XCBuildConfiguration section */
		2BEBA39A2C1C1EC600771622 /* Debug */ = {
			isa = XCBuildConfiguration;
			buildSettings = {
				ALWAYS_SEARCH_USER_PATHS = NO;
				ASSETCATALOG_COMPILER_GENERATE_SWIFT_ASSET_SYMBOL_EXTENSIONS = YES;
				CLANG_ANALYZER_NONNULL = YES;
				CLANG_ANALYZER_NUMBER_OBJECT_CONVERSION = YES_AGGRESSIVE;
				CLANG_CXX_LANGUAGE_STANDARD = "gnu++20";
				CLANG_ENABLE_MODULES = YES;
				CLANG_ENABLE_OBJC_ARC = YES;
				CLANG_ENABLE_OBJC_WEAK = YES;
				CLANG_WARN_BLOCK_CAPTURE_AUTORELEASING = YES;
				CLANG_WARN_BOOL_CONVERSION = YES;
				CLANG_WARN_COMMA = YES;
				CLANG_WARN_CONSTANT_CONVERSION = YES;
				CLANG_WARN_DEPRECATED_OBJC_IMPLEMENTATIONS = YES;
				CLANG_WARN_DIRECT_OBJC_ISA_USAGE = YES_ERROR;
				CLANG_WARN_DOCUMENTATION_COMMENTS = YES;
				CLANG_WARN_EMPTY_BODY = YES;
				CLANG_WARN_ENUM_CONVERSION = YES;
				CLANG_WARN_INFINITE_RECURSION = YES;
				CLANG_WARN_INT_CONVERSION = YES;
				CLANG_WARN_NON_LITERAL_NULL_CONVERSION = YES;
				CLANG_WARN_OBJC_IMPLICIT_RETAIN_SELF = YES;
				CLANG_WARN_OBJC_LITERAL_CONVERSION = YES;
				CLANG_WARN_OBJC_ROOT_CLASS = YES_ERROR;
				CLANG_WARN_QUOTED_INCLUDE_IN_FRAMEWORK_HEADER = YES;
				CLANG_WARN_RANGE_LOOP_ANALYSIS = YES;
				CLANG_WARN_STRICT_PROTOTYPES = YES;
				CLANG_WARN_SUSPICIOUS_MOVE = YES;
				CLANG_WARN_UNGUARDED_AVAILABILITY = YES_AGGRESSIVE;
				CLANG_WARN_UNREACHABLE_CODE = YES;
				CLANG_WARN__DUPLICATE_METHOD_MATCH = YES;
				COPY_PHASE_STRIP = NO;
				DEBUG_INFORMATION_FORMAT = dwarf;
				ENABLE_STRICT_OBJC_MSGSEND = YES;
				ENABLE_TESTABILITY = YES;
				ENABLE_USER_SCRIPT_SANDBOXING = YES;
				GCC_C_LANGUAGE_STANDARD = gnu17;
				GCC_DYNAMIC_NO_PIC = NO;
				GCC_NO_COMMON_BLOCKS = YES;
				GCC_OPTIMIZATION_LEVEL = 0;
				GCC_PREPROCESSOR_DEFINITIONS = (
					"DEBUG=1",
					"$(inherited)",
				);
				GCC_WARN_64_TO_32_BIT_CONVERSION = YES;
				GCC_WARN_ABOUT_RETURN_TYPE = YES_ERROR;
				GCC_WARN_UNDECLARED_SELECTOR = YES;
				GCC_WARN_UNINITIALIZED_AUTOS = YES_AGGRESSIVE;
				GCC_WARN_UNUSED_FUNCTION = YES;
				GCC_WARN_UNUSED_VARIABLE = YES;
				IPHONEOS_DEPLOYMENT_TARGET = 17.5;
				LOCALIZATION_PREFERS_STRING_CATALOGS = YES;
				MTL_ENABLE_DEBUG_INFO = INCLUDE_SOURCE;
				MTL_FAST_MATH = YES;
				ONLY_ACTIVE_ARCH = YES;
				SDKROOT = iphoneos;
				SWIFT_ACTIVE_COMPILATION_CONDITIONS = "DEBUG $(inherited)";
				SWIFT_OPTIMIZATION_LEVEL = "-Onone";
			};
			name = Debug;
		};
		2BEBA39B2C1C1EC600771622 /* Release */ = {
			isa = XCBuildConfiguration;
			buildSettings = {
				ALWAYS_SEARCH_USER_PATHS = NO;
				ASSETCATALOG_COMPILER_GENERATE_SWIFT_ASSET_SYMBOL_EXTENSIONS = YES;
				CLANG_ANALYZER_NONNULL = YES;
				CLANG_ANALYZER_NUMBER_OBJECT_CONVERSION = YES_AGGRESSIVE;
				CLANG_CXX_LANGUAGE_STANDARD = "gnu++20";
				CLANG_ENABLE_MODULES = YES;
				CLANG_ENABLE_OBJC_ARC = YES;
				CLANG_ENABLE_OBJC_WEAK = YES;
				CLANG_WARN_BLOCK_CAPTURE_AUTORELEASING = YES;
				CLANG_WARN_BOOL_CONVERSION = YES;
				CLANG_WARN_COMMA = YES;
				CLANG_WARN_CONSTANT_CONVERSION = YES;
				CLANG_WARN_DEPRECATED_OBJC_IMPLEMENTATIONS = YES;
				CLANG_WARN_DIRECT_OBJC_ISA_USAGE = YES_ERROR;
				CLANG_WARN_DOCUMENTATION_COMMENTS = YES;
				CLANG_WARN_EMPTY_BODY = YES;
				CLANG_WARN_ENUM_CONVERSION = YES;
				CLANG_WARN_INFINITE_RECURSION = YES;
				CLANG_WARN_INT_CONVERSION = YES;
				CLANG_WARN_NON_LITERAL_NULL_CONVERSION = YES;
				CLANG_WARN_OBJC_IMPLICIT_RETAIN_SELF = YES;
				CLANG_WARN_OBJC_LITERAL_CONVERSION = YES;
				CLANG_WARN_OBJC_ROOT_CLASS = YES_ERROR;
				CLANG_WARN_QUOTED_INCLUDE_IN_FRAMEWORK_HEADER = YES;
				CLANG_WARN_RANGE_LOOP_ANALYSIS = YES;
				CLANG_WARN_STRICT_PROTOTYPES = YES;
				CLANG_WARN_SUSPICIOUS_MOVE = YES;
				CLANG_WARN_UNGUARDED_AVAILABILITY = YES_AGGRESSIVE;
				CLANG_WARN_UNREACHABLE_CODE = YES;
				CLANG_WARN__DUPLICATE_METHOD_MATCH = YES;
				COPY_PHASE_STRIP = NO;
				DEBUG_INFORMATION_FORMAT = "dwarf-with-dsym";
				ENABLE_NS_ASSERTIONS = NO;
				ENABLE_STRICT_OBJC_MSGSEND = YES;
				ENABLE_USER_SCRIPT_SANDBOXING = YES;
				GCC_C_LANGUAGE_STANDARD = gnu17;
				GCC_NO_COMMON_BLOCKS = YES;
				GCC_WARN_64_TO_32_BIT_CONVERSION = YES;
				GCC_WARN_ABOUT_RETURN_TYPE = YES_ERROR;
				GCC_WARN_UNDECLARED_SELECTOR = YES;
				GCC_WARN_UNINITIALIZED_AUTOS = YES_AGGRESSIVE;
				GCC_WARN_UNUSED_FUNCTION = YES;
				GCC_WARN_UNUSED_VARIABLE = YES;
				IPHONEOS_DEPLOYMENT_TARGET = 17.5;
				LOCALIZATION_PREFERS_STRING_CATALOGS = YES;
				MTL_ENABLE_DEBUG_INFO = NO;
				MTL_FAST_MATH = YES;
				SDKROOT = iphoneos;
				SWIFT_COMPILATION_MODE = wholemodule;
				VALIDATE_PRODUCT = YES;
			};
			name = Release;
		};
		2BEBA39D2C1C1EC600771622 /* Debug */ = {
			isa = XCBuildConfiguration;
			buildSettings = {
				ASSETCATALOG_COMPILER_APPICON_NAME = AppIcon;
				ASSETCATALOG_COMPILER_GLOBAL_ACCENT_COLOR_NAME = AccentColor;
				CODE_SIGN_ENTITLEMENTS = WeatherPlan/WeatherPlan.entitlements;
				CODE_SIGN_IDENTITY = "Apple Development";
				CODE_SIGN_STYLE = Automatic;
				CURRENT_PROJECT_VERSION = 1;
				DEVELOPMENT_ASSET_PATHS = "\"WeatherPlan/Preview Content\"";
				DEVELOPMENT_TEAM = UV2PAA368V;
				ENABLE_PREVIEWS = YES;
				GENERATE_INFOPLIST_FILE = YES;
				INFOPLIST_KEY_NSLocationWhenInUseUsageDescription = "권한 설정 필요해요";
				INFOPLIST_KEY_UIApplicationSceneManifest_Generation = YES;
				INFOPLIST_KEY_UIApplicationSupportsIndirectInputEvents = YES;
				INFOPLIST_KEY_UILaunchScreen_Generation = YES;
				INFOPLIST_KEY_UISupportedInterfaceOrientations_iPad = "UIInterfaceOrientationPortrait UIInterfaceOrientationPortraitUpsideDown UIInterfaceOrientationLandscapeLeft UIInterfaceOrientationLandscapeRight";
				INFOPLIST_KEY_UISupportedInterfaceOrientations_iPhone = "UIInterfaceOrientationPortrait UIInterfaceOrientationLandscapeLeft UIInterfaceOrientationLandscapeRight";
				LD_RUNPATH_SEARCH_PATHS = (
					"$(inherited)",
					"@executable_path/Frameworks",
				);
				MARKETING_VERSION = 1.0;
				PRODUCT_BUNDLE_IDENTIFIER = ADA.NC2.A14.WeatherPlan;
				PRODUCT_NAME = "$(TARGET_NAME)";
				PROVISIONING_PROFILE_SPECIFIER = "";
				SWIFT_EMIT_LOC_STRINGS = YES;
				SWIFT_VERSION = 5.0;
				TARGETED_DEVICE_FAMILY = "1,2";
			};
			name = Debug;
		};
		2BEBA39E2C1C1EC600771622 /* Release */ = {
			isa = XCBuildConfiguration;
			buildSettings = {
				ASSETCATALOG_COMPILER_APPICON_NAME = AppIcon;
				ASSETCATALOG_COMPILER_GLOBAL_ACCENT_COLOR_NAME = AccentColor;
				CODE_SIGN_ENTITLEMENTS = WeatherPlan/WeatherPlan.entitlements;
				CODE_SIGN_IDENTITY = "Apple Development";
				CODE_SIGN_STYLE = Automatic;
				CURRENT_PROJECT_VERSION = 1;
				DEVELOPMENT_ASSET_PATHS = "\"WeatherPlan/Preview Content\"";
				DEVELOPMENT_TEAM = UV2PAA368V;
				ENABLE_PREVIEWS = YES;
				GENERATE_INFOPLIST_FILE = YES;
				INFOPLIST_KEY_NSLocationWhenInUseUsageDescription = "권한 설정 필요해요";
				INFOPLIST_KEY_UIApplicationSceneManifest_Generation = YES;
				INFOPLIST_KEY_UIApplicationSupportsIndirectInputEvents = YES;
				INFOPLIST_KEY_UILaunchScreen_Generation = YES;
				INFOPLIST_KEY_UISupportedInterfaceOrientations_iPad = "UIInterfaceOrientationPortrait UIInterfaceOrientationPortraitUpsideDown UIInterfaceOrientationLandscapeLeft UIInterfaceOrientationLandscapeRight";
				INFOPLIST_KEY_UISupportedInterfaceOrientations_iPhone = "UIInterfaceOrientationPortrait UIInterfaceOrientationLandscapeLeft UIInterfaceOrientationLandscapeRight";
				LD_RUNPATH_SEARCH_PATHS = (
					"$(inherited)",
					"@executable_path/Frameworks",
				);
				MARKETING_VERSION = 1.0;
				PRODUCT_BUNDLE_IDENTIFIER = ADA.NC2.A14.WeatherPlan;
				PRODUCT_NAME = "$(TARGET_NAME)";
				PROVISIONING_PROFILE_SPECIFIER = "";
				SWIFT_EMIT_LOC_STRINGS = YES;
				SWIFT_VERSION = 5.0;
				TARGETED_DEVICE_FAMILY = "1,2";
			};
			name = Release;
		};
		2BEBA3A02C1C1EC600771622 /* Debug */ = {
			isa = XCBuildConfiguration;
			buildSettings = {
				ALWAYS_EMBED_SWIFT_STANDARD_LIBRARIES = YES;
				BUNDLE_LOADER = "$(TEST_HOST)";
				CODE_SIGN_STYLE = Automatic;
				CURRENT_PROJECT_VERSION = 1;
				GENERATE_INFOPLIST_FILE = YES;
				IPHONEOS_DEPLOYMENT_TARGET = 17.5;
				MARKETING_VERSION = 1.0;
				PRODUCT_BUNDLE_IDENTIFIER = ADA.NC2.A14.WeatherPlanTests;
				PRODUCT_NAME = "$(TARGET_NAME)";
				SWIFT_EMIT_LOC_STRINGS = NO;
				SWIFT_VERSION = 5.0;
				TARGETED_DEVICE_FAMILY = "1,2";
				TEST_HOST = "$(BUILT_PRODUCTS_DIR)/WeatherPlan.app/$(BUNDLE_EXECUTABLE_FOLDER_PATH)/WeatherPlan";
			};
			name = Debug;
		};
		2BEBA3A12C1C1EC600771622 /* Release */ = {
			isa = XCBuildConfiguration;
			buildSettings = {
				ALWAYS_EMBED_SWIFT_STANDARD_LIBRARIES = YES;
				BUNDLE_LOADER = "$(TEST_HOST)";
				CODE_SIGN_STYLE = Automatic;
				CURRENT_PROJECT_VERSION = 1;
				GENERATE_INFOPLIST_FILE = YES;
				IPHONEOS_DEPLOYMENT_TARGET = 17.5;
				MARKETING_VERSION = 1.0;
				PRODUCT_BUNDLE_IDENTIFIER = ADA.NC2.A14.WeatherPlanTests;
				PRODUCT_NAME = "$(TARGET_NAME)";
				SWIFT_EMIT_LOC_STRINGS = NO;
				SWIFT_VERSION = 5.0;
				TARGETED_DEVICE_FAMILY = "1,2";
				TEST_HOST = "$(BUILT_PRODUCTS_DIR)/WeatherPlan.app/$(BUNDLE_EXECUTABLE_FOLDER_PATH)/WeatherPlan";
			};
			name = Release;
		};
		2BEBA3A32C1C1EC600771622 /* Debug */ = {
			isa = XCBuildConfiguration;
			buildSettings = {
				ALWAYS_EMBED_SWIFT_STANDARD_LIBRARIES = YES;
				CODE_SIGN_STYLE = Automatic;
				CURRENT_PROJECT_VERSION = 1;
				GENERATE_INFOPLIST_FILE = YES;
				MARKETING_VERSION = 1.0;
				PRODUCT_BUNDLE_IDENTIFIER = ADA.NC2.A14.WeatherPlanUITests;
				PRODUCT_NAME = "$(TARGET_NAME)";
				SWIFT_EMIT_LOC_STRINGS = NO;
				SWIFT_VERSION = 5.0;
				TARGETED_DEVICE_FAMILY = "1,2";
				TEST_TARGET_NAME = WeatherPlan;
			};
			name = Debug;
		};
		2BEBA3A42C1C1EC600771622 /* Release */ = {
			isa = XCBuildConfiguration;
			buildSettings = {
				ALWAYS_EMBED_SWIFT_STANDARD_LIBRARIES = YES;
				CODE_SIGN_STYLE = Automatic;
				CURRENT_PROJECT_VERSION = 1;
				GENERATE_INFOPLIST_FILE = YES;
				MARKETING_VERSION = 1.0;
				PRODUCT_BUNDLE_IDENTIFIER = ADA.NC2.A14.WeatherPlanUITests;
				PRODUCT_NAME = "$(TARGET_NAME)";
				SWIFT_EMIT_LOC_STRINGS = NO;
				SWIFT_VERSION = 5.0;
				TARGETED_DEVICE_FAMILY = "1,2";
				TEST_TARGET_NAME = WeatherPlan;
			};
			name = Release;
		};
/* End XCBuildConfiguration section */

/* Begin XCConfigurationList section */
		2BEBA3712C1C1EC500771622 /* Build configuration list for PBXProject "WeatherPlan" */ = {
			isa = XCConfigurationList;
			buildConfigurations = (
				2BEBA39A2C1C1EC600771622 /* Debug */,
				2BEBA39B2C1C1EC600771622 /* Release */,
			);
			defaultConfigurationIsVisible = 0;
			defaultConfigurationName = Release;
		};
		2BEBA39C2C1C1EC600771622 /* Build configuration list for PBXNativeTarget "WeatherPlan" */ = {
			isa = XCConfigurationList;
			buildConfigurations = (
				2BEBA39D2C1C1EC600771622 /* Debug */,
				2BEBA39E2C1C1EC600771622 /* Release */,
			);
			defaultConfigurationIsVisible = 0;
			defaultConfigurationName = Release;
		};
		2BEBA39F2C1C1EC600771622 /* Build configuration list for PBXNativeTarget "WeatherPlanTests" */ = {
			isa = XCConfigurationList;
			buildConfigurations = (
				2BEBA3A02C1C1EC600771622 /* Debug */,
				2BEBA3A12C1C1EC600771622 /* Release */,
			);
			defaultConfigurationIsVisible = 0;
			defaultConfigurationName = Release;
		};
		2BEBA3A22C1C1EC600771622 /* Build configuration list for PBXNativeTarget "WeatherPlanUITests" */ = {
			isa = XCConfigurationList;
			buildConfigurations = (
				2BEBA3A32C1C1EC600771622 /* Debug */,
				2BEBA3A42C1C1EC600771622 /* Release */,
			);
			defaultConfigurationIsVisible = 0;
			defaultConfigurationName = Release;
		};
/* End XCConfigurationList section */
	};
	rootObject = 2BEBA36E2C1C1EC500771622 /* Project object */;
}
